
Microsoft Visual Studio Solution File, Format Version 12.00
# Visual Studio Version 17
VisualStudioVersion = 17.0.31903.59
MinimumVisualStudioVersion = 10.0.40219.1
Project("{FAE04EC0-301F-11D3-BF4B-00C04F79EFBC}") = "RCL01", "RCL01\RCL01.csproj", "{490393DB-E291-4119-A291-9F78485AFEFD}"
EndProject
Global
	GlobalSection(SolutionConfigurationPlatforms) = preSolution
		Debug|Any CPU = Debug|Any CPU
		Release|Any CPU = Release|Any CPU
	EndGlobalSection
	GlobalSection(ProjectConfigurationPlatforms) = postSolution
		{490393DB-E291-4119-A291-9F78485AFEFD}.Debug|Any CPU.ActiveCfg = Debug|Any CPU
		{490393DB-E291-4119-A291-9F78485AFEFD}.Debug|Any CPU.Build.0 = Debug|Any CPU
		{490393DB-E291-4119-A291-9F78485AFEFD}.Release|Any CPU.ActiveCfg = Release|Any CPU
		{490393DB-E291-4119-A291-9F78485AFEFD}.Release|Any CPU.Build.0 = Release|Any CPU
	EndGlobalSection
	GlobalSection(SolutionProperties) = preSolution
		HideSolutionNode = FALSE
	EndGlobalSection
	GlobalSection(ExtensibilityGlobals) = postSolution
		SolutionGuid = {58EAEC48-2919-4E2D-89D7-B3FF0A43680B}
	EndGlobalSection
EndGlobal
