
Microsoft Visual Studio Solution File, Format Version 12.00
# Visual Studio Version 17
VisualStudioVersion = 17.0.31903.59
MinimumVisualStudioVersion = 10.0.40219.1
Project("{FAE04EC0-301F-11D3-BF4B-00C04F79EFBC}") = "BlazorApp01", "BlazorApp01\BlazorApp01.csproj", "{025D8FE8-4818-4ED1-831E-EC18F9A91BAD}"
EndProject
Project("{FAE04EC0-301F-11D3-BF4B-00C04F79EFBC}") = "RCL02", "RCL02\RCL02.csproj", "{626D2D1D-6F54-496E-9224-EEF72028D227}"
EndProject
Global
	GlobalSection(SolutionConfigurationPlatforms) = preSolution
		Debug|Any CPU = Debug|Any CPU
		Release|Any CPU = Release|Any CPU
	EndGlobalSection
	GlobalSection(ProjectConfigurationPlatforms) = postSolution
		{025D8FE8-4818-4ED1-831E-EC18F9A91BAD}.Debug|Any CPU.ActiveCfg = Debug|Any CPU
		{025D8FE8-4818-4ED1-831E-EC18F9A91BAD}.Debug|Any CPU.Build.0 = Debug|Any CPU
		{025D8FE8-4818-4ED1-831E-EC18F9A91BAD}.Release|Any CPU.ActiveCfg = Release|Any CPU
		{025D8FE8-4818-4ED1-831E-EC18F9A91BAD}.Release|Any CPU.Build.0 = Release|Any CPU
		{626D2D1D-6F54-496E-9224-EEF72028D227}.Debug|Any CPU.ActiveCfg = Debug|Any CPU
		{626D2D1D-6F54-496E-9224-EEF72028D227}.Debug|Any CPU.Build.0 = Debug|Any CPU
		{626D2D1D-6F54-496E-9224-EEF72028D227}.Release|Any CPU.ActiveCfg = Release|Any CPU
		{626D2D1D-6F54-496E-9224-EEF72028D227}.Release|Any CPU.Build.0 = Release|Any CPU
	EndGlobalSection
	GlobalSection(SolutionProperties) = preSolution
		HideSolutionNode = FALSE
	EndGlobalSection
	GlobalSection(ExtensibilityGlobals) = postSolution
		SolutionGuid = {52B034C4-A5EF-4C8B-861A-8D7B8C3CA022}
	EndGlobalSection
EndGlobal
